// !$*UTF8*$!
{
	archiveVersion = 1;
	classes = {
	};
	objectVersion = 56;
	objects = {

/* Begin PBXBuildFile section */
		AD60FD3D2B62B81700A51474 /* cryptocrazyiuiApp.swift in Sources */ = {isa = PBXBuildFile; fileRef = AD60FD3C2B62B81700A51474 /* cryptocrazyiuiApp.swift */; };
		AD60FD3F2B62B81700A51474 /* MainView.swift in Sources */ = {isa = PBXBuildFile; fileRef = AD60FD3E2B62B81700A51474 /* MainView.swift */; };
		AD60FD412B62B81A00A51474 /* Assets.xcassets in Resources */ = {isa = PBXBuildFile; fileRef = AD60FD402B62B81A00A51474 /* Assets.xcassets */; };
		AD60FD442B62B81A00A51474 /* Preview Assets.xcassets in Resources */ = {isa = PBXBuildFile; fileRef = AD60FD432B62B81A00A51474 /* Preview Assets.xcassets */; };
		AD60FD4F2B62B93200A51474 /* CryptoCurrency.swift in Sources */ = {isa = PBXBuildFile; fileRef = AD60FD4E2B62B93200A51474 /* CryptoCurrency.swift */; };
		AD60FD512B62BAFE00A51474 /* Webservice.swift in Sources */ = {isa = PBXBuildFile; fileRef = AD60FD502B62BAFE00A51474 /* Webservice.swift */; };
		AD60FD532B62BF3A00A51474 /* CryptoViewModel.swift in Sources */ = {isa = PBXBuildFile; fileRef = AD60FD522B62BF3A00A51474 /* CryptoViewModel.swift */; };
/* End PBXBuildFile section */

/* Begin PBXFileReference section */
		AD60FD392B62B81700A51474 /* cryptocrazyiui.app */ = {isa = PBXFileReference; explicitFileType = wrapper.application; includeInIndex = 0; path = cryptocrazyiui.app; sourceTree = BUILT_PRODUCTS_DIR; };
		AD60FD3C2B62B81700A51474 /* cryptocrazyiuiApp.swift */ = {isa = PBXFileReference; lastKnownFileType = sourcecode.swift; path = cryptocrazyiuiApp.swift; sourceTree = "<group>"; };
		AD60FD3E2B62B81700A51474 /* MainView.swift */ = {isa = PBXFileReference; lastKnownFileType = sourcecode.swift; path = MainView.swift; sourceTree = "<group>"; };
		AD60FD402B62B81A00A51474 /* Assets.xcassets */ = {isa = PBXFileReference; lastKnownFileType = folder.assetcatalog; path = Assets.xcassets; sourceTree = "<group>"; };
		AD60FD432B62B81A00A51474 /* Preview Assets.xcassets */ = {isa = PBXFileReference; lastKnownFileType = folder.assetcatalog; path = "Preview Assets.xcassets"; sourceTree = "<group>"; };
		AD60FD4E2B62B93200A51474 /* CryptoCurrency.swift */ = {isa = PBXFileReference; lastKnownFileType = sourcecode.swift; path = CryptoCurrency.swift; sourceTree = "<group>"; };
		AD60FD502B62BAFE00A51474 /* Webservice.swift */ = {isa = PBXFileReference; lastKnownFileType = sourcecode.swift; path = Webservice.swift; sourceTree = "<group>"; };
		AD60FD522B62BF3A00A51474 /* CryptoViewModel.swift */ = {isa = PBXFileReference; lastKnownFileType = sourcecode.swift; path = CryptoViewModel.swift; sourceTree = "<group>"; };
/* End PBXFileReference section */

/* Begin PBXFrameworksBuildPhase section */
		AD60FD362B62B81700A51474 /* Frameworks */ = {
			isa = PBXFrameworksBuildPhase;
			buildActionMask = 2147483647;
			files = (
			);
			runOnlyForDeploymentPostprocessing = 0;
		};
/* End PBXFrameworksBuildPhase section */

/* Begin PBXGroup section */
		AD60FD302B62B81700A51474 = {
			isa = PBXGroup;
			children = (
				AD60FD3B2B62B81700A51474 /* cryptocrazyiui */,
				AD60FD3A2B62B81700A51474 /* Products */,
			);
			sourceTree = "<group>";
		};
		AD60FD3A2B62B81700A51474 /* Products */ = {
			isa = PBXGroup;
			children = (
				AD60FD392B62B81700A51474 /* cryptocrazyiui.app */,
			);
			name = Products;
			sourceTree = "<group>";
		};
		AD60FD3B2B62B81700A51474 /* cryptocrazyiui */ = {
			isa = PBXGroup;
			children = (
				AD60FD4D2B62B8F200A51474 /* services */,
				AD60FD4C2B62B8E800A51474 /* viewmodel */,
				AD60FD4B2B62B8E300A51474 /* view */,
				AD60FD4A2B62B8DD00A51474 /* model */,
				AD60FD3C2B62B81700A51474 /* cryptocrazyiuiApp.swift */,
				AD60FD3E2B62B81700A51474 /* MainView.swift */,
				AD60FD402B62B81A00A51474 /* Assets.xcassets */,
				AD60FD422B62B81A00A51474 /* Preview Content */,
			);
			path = cryptocrazyiui;
			sourceTree = "<group>";
		};
		AD60FD422B62B81A00A51474 /* Preview Content */ = {
			isa = PBXGroup;
			children = (
				AD60FD432B62B81A00A51474 /* Preview Assets.xcassets */,
			);
			path = "Preview Content";
			sourceTree = "<group>";
		};
		AD60FD4A2B62B8DD00A51474 /* model */ = {
			isa = PBXGroup;
			children = (
				AD60FD4E2B62B93200A51474 /* CryptoCurrency.swift */,
			);
			path = model;
			sourceTree = "<group>";
		};
		AD60FD4B2B62B8E300A51474 /* view */ = {
			isa = PBXGroup;
			children = (
			);
			path = view;
			sourceTree = "<group>";
		};
		AD60FD4C2B62B8E800A51474 /* viewmodel */ = {
			isa = PBXGroup;
			children = (
				AD60FD522B62BF3A00A51474 /* CryptoViewModel.swift */,
			);
			path = viewmodel;
			sourceTree = "<group>";
		};
		AD60FD4D2B62B8F200A51474 /* services */ = {
			isa = PBXGroup;
			children = (
				AD60FD502B62BAFE00A51474 /* Webservice.swift */,
			);
			path = services;
			sourceTree = "<group>";
		};
/* End PBXGroup section */

/* Begin PBXNativeTarget section */
		AD60FD382B62B81700A51474 /* cryptocrazyiui */ = {
			isa = PBXNativeTarget;
			buildConfigurationList = AD60FD472B62B81A00A51474 /* Build configuration list for PBXNativeTarget "cryptocrazyiui" */;
			buildPhases = (
				AD60FD352B62B81700A51474 /* Sources */,
				AD60FD362B62B81700A51474 /* Frameworks */,
				AD60FD372B62B81700A51474 /* Resources */,
			);
			buildRules = (
			);
			dependencies = (
			);
			name = cryptocrazyiui;
			productName = cryptocrazyiui;
			productReference = AD60FD392B62B81700A51474 /* cryptocrazyiui.app */;
			productType = "com.apple.product-type.application";
		};
/* End PBXNativeTarget section */

/* Begin PBXProject section */
		AD60FD312B62B81700A51474 /* Project object */ = {
			isa = PBXProject;
			attributes = {
				BuildIndependentTargetsInParallel = 1;
				LastSwiftUpdateCheck = 1520;
				LastUpgradeCheck = 1520;
				TargetAttributes = {
					AD60FD382B62B81700A51474 = {
						CreatedOnToolsVersion = 15.2;
					};
				};
			};
			buildConfigurationList = AD60FD342B62B81700A51474 /* Build configuration list for PBXProject "cryptocrazyiui" */;
			compatibilityVersion = "Xcode 14.0";
			developmentRegion = en;
			hasScannedForEncodings = 0;
			knownRegions = (
				en,
				Base,
			);
			mainGroup = AD60FD302B62B81700A51474;
			productRefGroup = AD60FD3A2B62B81700A51474 /* Products */;
			projectDirPath = "";
			projectRoot = "";
			targets = (
				AD60FD382B62B81700A51474 /* cryptocrazyiui */,
			);
		};
/* End PBXProject section */

/* Begin PBXResourcesBuildPhase section */
		AD60FD372B62B81700A51474 /* Resources */ = {
			isa = PBXResourcesBuildPhase;
			buildActionMask = 2147483647;
			files = (
				AD60FD442B62B81A00A51474 /* Preview Assets.xcassets in Resources */,
				AD60FD412B62B81A00A51474 /* Assets.xcassets in Resources */,
			);
			runOnlyForDeploymentPostprocessing = 0;
		};
/* End PBXResourcesBuildPhase section */

/* Begin PBXSourcesBuildPhase section */
		AD60FD352B62B81700A51474 /* Sources */ = {
			isa = PBXSourcesBuildPhase;
			buildActionMask = 2147483647;
			files = (
				AD60FD3F2B62B81700A51474 /* MainView.swift in Sources */,
				AD60FD4F2B62B93200A51474 /* CryptoCurrency.swift in Sources */,
				AD60FD512B62BAFE00A51474 /* Webservice.swift in Sources */,
				AD60FD3D2B62B81700A51474 /* cryptocrazyiuiApp.swift in Sources */,
				AD60FD532B62BF3A00A51474 /* CryptoViewModel.swift in Sources */,
			);
			runOnlyForDeploymentPostprocessing = 0;
		};
/* End PBXSourcesBuildPhase section */

/* Begin XCBuildConfiguration section */
		AD60FD452B62B81A00A51474 /* Debug */ = {
			isa = XCBuildConfiguration;
			buildSettings = {
				ALWAYS_SEARCH_USER_PATHS = NO;
				ASSETCATALOG_COMPILER_GENERATE_SWIFT_ASSET_SYMBOL_EXTENSIONS = YES;
				CLANG_ANALYZER_NONNULL = YES;
				CLANG_ANALYZER_NUMBER_OBJECT_CONVERSION = YES_AGGRESSIVE;
				CLANG_CXX_LANGUAGE_STANDARD = "gnu++20";
				CLANG_ENABLE_MODULES = YES;
				CLANG_ENABLE_OBJC_ARC = YES;
				CLANG_ENABLE_OBJC_WEAK = YES;
				CLANG_WARN_BLOCK_CAPTURE_AUTORELEASING = YES;
				CLANG_WARN_BOOL_CONVERSION = YES;
				CLANG_WARN_COMMA = YES;
				CLANG_WARN_CONSTANT_CONVERSION = YES;
				CLANG_WARN_DEPRECATED_OBJC_IMPLEMENTATIONS = YES;
				CLANG_WARN_DIRECT_OBJC_ISA_USAGE = YES_ERROR;
				CLANG_WARN_DOCUMENTATION_COMMENTS = YES;
				CLANG_WARN_EMPTY_BODY = YES;
				CLANG_WARN_ENUM_CONVERSION = YES;
				CLANG_WARN_INFINITE_RECURSION = YES;
				CLANG_WARN_INT_CONVERSION = YES;
				CLANG_WARN_NON_LITERAL_NULL_CONVERSION = YES;
				CLANG_WARN_OBJC_IMPLICIT_RETAIN_SELF = YES;
				CLANG_WARN_OBJC_LITERAL_CONVERSION = YES;
				CLANG_WARN_OBJC_ROOT_CLASS = YES_ERROR;
				CLANG_WARN_QUOTED_INCLUDE_IN_FRAMEWORK_HEADER = YES;
				CLANG_WARN_RANGE_LOOP_ANALYSIS = YES;
				CLANG_WARN_STRICT_PROTOTYPES = YES;
				CLANG_WARN_SUSPICIOUS_MOVE = YES;
				CLANG_WARN_UNGUARDED_AVAILABILITY = YES_AGGRESSIVE;
				CLANG_WARN_UNREACHABLE_CODE = YES;
				CLANG_WARN__DUPLICATE_METHOD_MATCH = YES;
				COPY_PHASE_STRIP = NO;
				DEBUG_INFORMATION_FORMAT = dwarf;
				ENABLE_STRICT_OBJC_MSGSEND = YES;
				ENABLE_TESTABILITY = YES;
				ENABLE_USER_SCRIPT_SANDBOXING = YES;
				GCC_C_LANGUAGE_STANDARD = gnu17;
				GCC_DYNAMIC_NO_PIC = NO;
				GCC_NO_COMMON_BLOCKS = YES;
				GCC_OPTIMIZATION_LEVEL = 0;
				GCC_PREPROCESSOR_DEFINITIONS = (
					"DEBUG=1",
					"$(inherited)",
				);
				GCC_WARN_64_TO_32_BIT_CONVERSION = YES;
				GCC_WARN_ABOUT_RETURN_TYPE = YES_ERROR;
				GCC_WARN_UNDECLARED_SELECTOR = YES;
				GCC_WARN_UNINITIALIZED_AUTOS = YES_AGGRESSIVE;
				GCC_WARN_UNUSED_FUNCTION = YES;
				GCC_WARN_UNUSED_VARIABLE = YES;
				IPHONEOS_DEPLOYMENT_TARGET = 17.2;
				LOCALIZATION_PREFERS_STRING_CATALOGS = YES;
				MTL_ENABLE_DEBUG_INFO = INCLUDE_SOURCE;
				MTL_FAST_MATH = YES;
				ONLY_ACTIVE_ARCH = YES;
				SDKROOT = iphoneos;
				SWIFT_ACTIVE_COMPILATION_CONDITIONS = "DEBUG $(inherited)";
				SWIFT_OPTIMIZATION_LEVEL = "-Onone";
			};
			name = Debug;
		};
		AD60FD462B62B81A00A51474 /* Release */ = {
			isa = XCBuildConfiguration;
			buildSettings = {
				ALWAYS_SEARCH_USER_PATHS = NO;
				ASSETCATALOG_COMPILER_GENERATE_SWIFT_ASSET_SYMBOL_EXTENSIONS = YES;
				CLANG_ANALYZER_NONNULL = YES;
				CLANG_ANALYZER_NUMBER_OBJECT_CONVERSION = YES_AGGRESSIVE;
				CLANG_CXX_LANGUAGE_STANDARD = "gnu++20";
				CLANG_ENABLE_MODULES = YES;
				CLANG_ENABLE_OBJC_ARC = YES;
				CLANG_ENABLE_OBJC_WEAK = YES;
				CLANG_WARN_BLOCK_CAPTURE_AUTORELEASING = YES;
				CLANG_WARN_BOOL_CONVERSION = YES;
				CLANG_WARN_COMMA = YES;
				CLANG_WARN_CONSTANT_CONVERSION = YES;
				CLANG_WARN_DEPRECATED_OBJC_IMPLEMENTATIONS = YES;
				CLANG_WARN_DIRECT_OBJC_ISA_USAGE = YES_ERROR;
				CLANG_WARN_DOCUMENTATION_COMMENTS = YES;
				CLANG_WARN_EMPTY_BODY = YES;
				CLANG_WARN_ENUM_CONVERSION = YES;
				CLANG_WARN_INFINITE_RECURSION = YES;
				CLANG_WARN_INT_CONVERSION = YES;
				CLANG_WARN_NON_LITERAL_NULL_CONVERSION = YES;
				CLANG_WARN_OBJC_IMPLICIT_RETAIN_SELF = YES;
				CLANG_WARN_OBJC_LITERAL_CONVERSION = YES;
				CLANG_WARN_OBJC_ROOT_CLASS = YES_ERROR;
				CLANG_WARN_QUOTED_INCLUDE_IN_FRAMEWORK_HEADER = YES;
				CLANG_WARN_RANGE_LOOP_ANALYSIS = YES;
				CLANG_WARN_STRICT_PROTOTYPES = YES;
				CLANG_WARN_SUSPICIOUS_MOVE = YES;
				CLANG_WARN_UNGUARDED_AVAILABILITY = YES_AGGRESSIVE;
				CLANG_WARN_UNREACHABLE_CODE = YES;
				CLANG_WARN__DUPLICATE_METHOD_MATCH = YES;
				COPY_PHASE_STRIP = NO;
				DEBUG_INFORMATION_FORMAT = "dwarf-with-dsym";
				ENABLE_NS_ASSERTIONS = NO;
				ENABLE_STRICT_OBJC_MSGSEND = YES;
				ENABLE_USER_SCRIPT_SANDBOXING = YES;
				GCC_C_LANGUAGE_STANDARD = gnu17;
				GCC_NO_COMMON_BLOCKS = YES;
				GCC_WARN_64_TO_32_BIT_CONVERSION = YES;
				GCC_WARN_ABOUT_RETURN_TYPE = YES_ERROR;
				GCC_WARN_UNDECLARED_SELECTOR = YES;
				GCC_WARN_UNINITIALIZED_AUTOS = YES_AGGRESSIVE;
				GCC_WARN_UNUSED_FUNCTION = YES;
				GCC_WARN_UNUSED_VARIABLE = YES;
				IPHONEOS_DEPLOYMENT_TARGET = 17.2;
				LOCALIZATION_PREFERS_STRING_CATALOGS = YES;
				MTL_ENABLE_DEBUG_INFO = NO;
				MTL_FAST_MATH = YES;
				SDKROOT = iphoneos;
				SWIFT_COMPILATION_MODE = wholemodule;
				VALIDATE_PRODUCT = YES;
			};
			name = Release;
		};
		AD60FD482B62B81A00A51474 /* Debug */ = {
			isa = XCBuildConfiguration;
			buildSettings = {
				ASSETCATALOG_COMPILER_APPICON_NAME = AppIcon;
				ASSETCATALOG_COMPILER_GLOBAL_ACCENT_COLOR_NAME = AccentColor;
				CODE_SIGN_STYLE = Automatic;
				CURRENT_PROJECT_VERSION = 1;
				DEVELOPMENT_ASSET_PATHS = "\"cryptocrazyiui/Preview Content\"";
				DEVELOPMENT_TEAM = 8BUJ4V9PBX;
				ENABLE_PREVIEWS = YES;
				GENERATE_INFOPLIST_FILE = YES;
				INFOPLIST_KEY_UIApplicationSceneManifest_Generation = YES;
				INFOPLIST_KEY_UIApplicationSupportsIndirectInputEvents = YES;
				INFOPLIST_KEY_UILaunchScreen_Generation = YES;
				INFOPLIST_KEY_UISupportedInterfaceOrientations_iPad = "UIInterfaceOrientationPortrait UIInterfaceOrientationPortraitUpsideDown UIInterfaceOrientationLandscapeLeft UIInterfaceOrientationLandscapeRight";
				INFOPLIST_KEY_UISupportedInterfaceOrientations_iPhone = "UIInterfaceOrientationPortrait UIInterfaceOrientationLandscapeLeft UIInterfaceOrientationLandscapeRight";
				LD_RUNPATH_SEARCH_PATHS = (
					"$(inherited)",
					"@executable_path/Frameworks",
				);
				MARKETING_VERSION = 1.0;
				PRODUCT_BUNDLE_IDENTIFIER = com.olgunbingol.cryptocrazyiui;
				PRODUCT_NAME = "$(TARGET_NAME)";
				SWIFT_EMIT_LOC_STRINGS = YES;
				SWIFT_VERSION = 5.0;
				TARGETED_DEVICE_FAMILY = "1,2";
			};
			name = Debug;
		};
		AD60FD492B62B81A00A51474 /* Release */ = {
			isa = XCBuildConfiguration;
			buildSettings = {
				ASSETCATALOG_COMPILER_APPICON_NAME = AppIcon;
				ASSETCATALOG_COMPILER_GLOBAL_ACCENT_COLOR_NAME = AccentColor;
				CODE_SIGN_STYLE = Automatic;
				CURRENT_PROJECT_VERSION = 1;
				DEVELOPMENT_ASSET_PATHS = "\"cryptocrazyiui/Preview Content\"";
				DEVELOPMENT_TEAM = 8BUJ4V9PBX;
				ENABLE_PREVIEWS = YES;
				GENERATE_INFOPLIST_FILE = YES;
				INFOPLIST_KEY_UIApplicationSceneManifest_Generation = YES;
				INFOPLIST_KEY_UIApplicationSupportsIndirectInputEvents = YES;
				INFOPLIST_KEY_UILaunchScreen_Generation = YES;
				INFOPLIST_KEY_UISupportedInterfaceOrientations_iPad = "UIInterfaceOrientationPortrait UIInterfaceOrientationPortraitUpsideDown UIInterfaceOrientationLandscapeLeft UIInterfaceOrientationLandscapeRight";
				INFOPLIST_KEY_UISupportedInterfaceOrientations_iPhone = "UIInterfaceOrientationPortrait UIInterfaceOrientationLandscapeLeft UIInterfaceOrientationLandscapeRight";
				LD_RUNPATH_SEARCH_PATHS = (
					"$(inherited)",
					"@executable_path/Frameworks",
				);
				MARKETING_VERSION = 1.0;
				PRODUCT_BUNDLE_IDENTIFIER = com.olgunbingol.cryptocrazyiui;
				PRODUCT_NAME = "$(TARGET_NAME)";
				SWIFT_EMIT_LOC_STRINGS = YES;
				SWIFT_VERSION = 5.0;
				TARGETED_DEVICE_FAMILY = "1,2";
			};
			name = Release;
		};
/* End XCBuildConfiguration section */

/* Begin XCConfigurationList section */
		AD60FD342B62B81700A51474 /* Build configuration list for PBXProject "cryptocrazyiui" */ = {
			isa = XCConfigurationList;
			buildConfigurations = (
				AD60FD452B62B81A00A51474 /* Debug */,
				AD60FD462B62B81A00A51474 /* Release */,
			);
			defaultConfigurationIsVisible = 0;
			defaultConfigurationName = Release;
		};
		AD60FD472B62B81A00A51474 /* Build configuration list for PBXNativeTarget "cryptocrazyiui" */ = {
			isa = XCConfigurationList;
			buildConfigurations = (
				AD60FD482B62B81A00A51474 /* Debug */,
				AD60FD492B62B81A00A51474 /* Release */,
			);
			defaultConfigurationIsVisible = 0;
			defaultConfigurationName = Release;
		};
/* End XCConfigurationList section */
	};
	rootObject = AD60FD312B62B81700A51474 /* Project object */;
}
